
Microsoft Visual Studio Solution File, Format Version 12.00
# Visual Studio Version 17
VisualStudioVersion = 17.8.34511.84
MinimumVisualStudioVersion = 10.0.40219.1
Project("{9A19103F-16F7-4668-BE54-9A1E7A4F7556}") = "Api", "Api\Api.csproj", "{F05F6FF8-431B-4505-9B32-EC52E286B9A4}"
EndProject
Project("{FAE04EC0-301F-11D3-BF4B-00C04F79EFBC}") = "Application", "Application\Application.csproj", "{878ABE2B-E00E-4DA3-A97A-AD4ACBD889F7}"
EndProject
Global
	GlobalSection(SolutionConfigurationPlatforms) = preSolution
		Debug|Any CPU = Debug|Any CPU
		Release|Any CPU = Release|Any CPU
	EndGlobalSection
	GlobalSection(ProjectConfigurationPlatforms) = postSolution
		{F05F6FF8-431B-4505-9B32-EC52E286B9A4}.Debug|Any CPU.ActiveCfg = Debug|Any CPU
		{F05F6FF8-431B-4505-9B32-EC52E286B9A4}.Debug|Any CPU.Build.0 = Debug|Any CPU
		{F05F6FF8-431B-4505-9B32-EC52E286B9A4}.Release|Any CPU.ActiveCfg = Release|Any CPU
		{F05F6FF8-431B-4505-9B32-EC52E286B9A4}.Release|Any CPU.Build.0 = Release|Any CPU
		{878ABE2B-E00E-4DA3-A97A-AD4ACBD889F7}.Debug|Any CPU.ActiveCfg = Debug|Any CPU
		{878ABE2B-E00E-4DA3-A97A-AD4ACBD889F7}.Debug|Any CPU.Build.0 = Debug|Any CPU
		{878ABE2B-E00E-4DA3-A97A-AD4ACBD889F7}.Release|Any CPU.ActiveCfg = Release|Any CPU
		{878ABE2B-E00E-4DA3-A97A-AD4ACBD889F7}.Release|Any CPU.Build.0 = Release|Any CPU
	EndGlobalSection
	GlobalSection(SolutionProperties) = preSolution
		HideSolutionNode = FALSE
	EndGlobalSection
	GlobalSection(ExtensibilityGlobals) = postSolution
		SolutionGuid = {49E3CAFE-EB94-4F87-84E0-A67589F12C49}
	EndGlobalSection
EndGlobal
